
Microsoft Visual Studio Solution File, Format Version 12.00
# Visual Studio Version 16
VisualStudioVersion = 16.0.31321.278
MinimumVisualStudioVersion = 10.0.40219.1
Project("{8BC9CEB8-8B4A-11D0-8D11-00A0C91BC942}") = "cad", "andycad.vcxproj", "{EDF155A2-0355-4BF8-BDF6-E21C0875DB02}"
EndProject
Project("{8BC9CEB8-8B4A-11D0-8D11-00A0C91BC942}") = "AndyCADMFC", "..\AndyCADMFC\AndyCADMFC.vcxproj", "{299B9586-D071-4C08-B0A8-D7E74E5D742E}"
EndProject
Project("{8BC9CEB8-8B4A-11D0-8D11-00A0C91BC942}") = "AndyCADMFCHandlers", "AndyCADMFCHandlers\AndyCADMFCHandlers.vcxproj", "{FBBF734C-DDC4-4C45-9741-3379591984E8}"
EndProject
Global
	GlobalSection(SolutionConfigurationPlatforms) = preSolution
		Debug|x64 = Debug|x64
		Debug|x86 = Debug|x86
		Release|x64 = Release|x64
		Release|x86 = Release|x86
	EndGlobalSection
	GlobalSection(ProjectConfigurationPlatforms) = postSolution
		{EDF155A2-0355-4BF8-BDF6-E21C0875DB02}.Debug|x64.ActiveCfg = Debug|Win32
		{EDF155A2-0355-4BF8-BDF6-E21C0875DB02}.Debug|x86.ActiveCfg = Debug|Win32
		{EDF155A2-0355-4BF8-BDF6-E21C0875DB02}.Debug|x86.Build.0 = Debug|Win32
		{EDF155A2-0355-4BF8-BDF6-E21C0875DB02}.Release|x64.ActiveCfg = Release|Win32
		{EDF155A2-0355-4BF8-BDF6-E21C0875DB02}.Release|x86.ActiveCfg = Release|Win32
		{EDF155A2-0355-4BF8-BDF6-E21C0875DB02}.Release|x86.Build.0 = Release|Win32
		{299B9586-D071-4C08-B0A8-D7E74E5D742E}.Debug|x64.ActiveCfg = Debug|x64
		{299B9586-D071-4C08-B0A8-D7E74E5D742E}.Debug|x64.Build.0 = Debug|x64
		{299B9586-D071-4C08-B0A8-D7E74E5D742E}.Debug|x86.ActiveCfg = Debug|Win32
		{299B9586-D071-4C08-B0A8-D7E74E5D742E}.Debug|x86.Build.0 = Debug|Win32
		{299B9586-D071-4C08-B0A8-D7E74E5D742E}.Release|x64.ActiveCfg = Release|x64
		{299B9586-D071-4C08-B0A8-D7E74E5D742E}.Release|x64.Build.0 = Release|x64
		{299B9586-D071-4C08-B0A8-D7E74E5D742E}.Release|x86.ActiveCfg = Release|Win32
		{299B9586-D071-4C08-B0A8-D7E74E5D742E}.Release|x86.Build.0 = Release|Win32
		{FBBF734C-DDC4-4C45-9741-3379591984E8}.Debug|x64.ActiveCfg = Debug|x64
		{FBBF734C-DDC4-4C45-9741-3379591984E8}.Debug|x64.Build.0 = Debug|x64
		{FBBF734C-DDC4-4C45-9741-3379591984E8}.Debug|x86.ActiveCfg = Debug|Win32
		{FBBF734C-DDC4-4C45-9741-3379591984E8}.Debug|x86.Build.0 = Debug|Win32
		{FBBF734C-DDC4-4C45-9741-3379591984E8}.Release|x64.ActiveCfg = Release|x64
		{FBBF734C-DDC4-4C45-9741-3379591984E8}.Release|x64.Build.0 = Release|x64
		{FBBF734C-DDC4-4C45-9741-3379591984E8}.Release|x86.ActiveCfg = Release|Win32
		{FBBF734C-DDC4-4C45-9741-3379591984E8}.Release|x86.Build.0 = Release|Win32
	EndGlobalSection
	GlobalSection(SolutionProperties) = preSolution
		HideSolutionNode = FALSE
	EndGlobalSection
	GlobalSection(ExtensibilityGlobals) = postSolution
		SolutionGuid = {1414028B-EA7E-4021-9509-50DC0667A7D6}
	EndGlobalSection
EndGlobal
