
Microsoft Visual Studio Solution File, Format Version 12.00
# Visual Studio Version 17
Project("{8BC9CEB8-8B4A-11D0-8D11-00A0C91BC942}") = "ALL_BUILD", "ALL_BUILD.vcxproj", "{E76238C5-5360-3E24-B094-683108C833FA}"
	ProjectSection(ProjectDependencies) = postProject
		{C8D7B7A0-34FD-3C5C-8F1A-1E6EB32DA7E8} = {C8D7B7A0-34FD-3C5C-8F1A-1E6EB32DA7E8}
		{0F6D531E-33F3-32CD-897D-AEFAA603028F} = {0F6D531E-33F3-32CD-897D-AEFAA603028F}
		{7327E565-0FE6-31E7-85FA-7E9E3BE28ABB} = {7327E565-0FE6-31E7-85FA-7E9E3BE28ABB}
	EndProjectSection
EndProject
Project("{8BC9CEB8-8B4A-11D0-8D11-00A0C91BC942}") = "RUN_TESTS", "RUN_TESTS.vcxproj", "{BFF5764E-F979-3385-B5A1-D214D8625285}"
	ProjectSection(ProjectDependencies) = postProject
		{C8D7B7A0-34FD-3C5C-8F1A-1E6EB32DA7E8} = {C8D7B7A0-34FD-3C5C-8F1A-1E6EB32DA7E8}
	EndProjectSection
EndProject
Project("{8BC9CEB8-8B4A-11D0-8D11-00A0C91BC942}") = "ZERO_CHECK", "ZERO_CHECK.vcxproj", "{C8D7B7A0-34FD-3C5C-8F1A-1E6EB32DA7E8}"
	ProjectSection(ProjectDependencies) = postProject
	EndProjectSection
EndProject
Project("{8BC9CEB8-8B4A-11D0-8D11-00A0C91BC942}") = "andycad_core", "andycad_core.vcxproj", "{0F6D531E-33F3-32CD-897D-AEFAA603028F}"
	ProjectSection(ProjectDependencies) = postProject
		{C8D7B7A0-34FD-3C5C-8F1A-1E6EB32DA7E8} = {C8D7B7A0-34FD-3C5C-8F1A-1E6EB32DA7E8}
	EndProjectSection
EndProject
Project("{8BC9CEB8-8B4A-11D0-8D11-00A0C91BC942}") = "core_test", "core_test.vcxproj", "{7327E565-0FE6-31E7-85FA-7E9E3BE28ABB}"
	ProjectSection(ProjectDependencies) = postProject
		{C8D7B7A0-34FD-3C5C-8F1A-1E6EB32DA7E8} = {C8D7B7A0-34FD-3C5C-8F1A-1E6EB32DA7E8}
		{0F6D531E-33F3-32CD-897D-AEFAA603028F} = {0F6D531E-33F3-32CD-897D-AEFAA603028F}
	EndProjectSection
EndProject
Global
	GlobalSection(SolutionConfigurationPlatforms) = preSolution
		Debug|x64 = Debug|x64
		Release|x64 = Release|x64
		MinSizeRel|x64 = MinSizeRel|x64
		RelWithDebInfo|x64 = RelWithDebInfo|x64
	EndGlobalSection
	GlobalSection(ProjectConfigurationPlatforms) = postSolution
		{E76238C5-5360-3E24-B094-683108C833FA}.Debug|x64.ActiveCfg = Debug|x64
		{E76238C5-5360-3E24-B094-683108C833FA}.Release|x64.ActiveCfg = Release|x64
		{E76238C5-5360-3E24-B094-683108C833FA}.MinSizeRel|x64.ActiveCfg = MinSizeRel|x64
		{E76238C5-5360-3E24-B094-683108C833FA}.RelWithDebInfo|x64.ActiveCfg = RelWithDebInfo|x64
		{BFF5764E-F979-3385-B5A1-D214D8625285}.Debug|x64.ActiveCfg = Debug|x64
		{BFF5764E-F979-3385-B5A1-D214D8625285}.Release|x64.ActiveCfg = Release|x64
		{BFF5764E-F979-3385-B5A1-D214D8625285}.MinSizeRel|x64.ActiveCfg = MinSizeRel|x64
		{BFF5764E-F979-3385-B5A1-D214D8625285}.RelWithDebInfo|x64.ActiveCfg = RelWithDebInfo|x64
		{C8D7B7A0-34FD-3C5C-8F1A-1E6EB32DA7E8}.Debug|x64.ActiveCfg = Debug|x64
		{C8D7B7A0-34FD-3C5C-8F1A-1E6EB32DA7E8}.Debug|x64.Build.0 = Debug|x64
		{C8D7B7A0-34FD-3C5C-8F1A-1E6EB32DA7E8}.Release|x64.ActiveCfg = Release|x64
		{C8D7B7A0-34FD-3C5C-8F1A-1E6EB32DA7E8}.Release|x64.Build.0 = Release|x64
		{C8D7B7A0-34FD-3C5C-8F1A-1E6EB32DA7E8}.MinSizeRel|x64.ActiveCfg = MinSizeRel|x64
		{C8D7B7A0-34FD-3C5C-8F1A-1E6EB32DA7E8}.MinSizeRel|x64.Build.0 = MinSizeRel|x64
		{C8D7B7A0-34FD-3C5C-8F1A-1E6EB32DA7E8}.RelWithDebInfo|x64.ActiveCfg = RelWithDebInfo|x64
		{C8D7B7A0-34FD-3C5C-8F1A-1E6EB32DA7E8}.RelWithDebInfo|x64.Build.0 = RelWithDebInfo|x64
		{0F6D531E-33F3-32CD-897D-AEFAA603028F}.Debug|x64.ActiveCfg = Debug|x64
		{0F6D531E-33F3-32CD-897D-AEFAA603028F}.Debug|x64.Build.0 = Debug|x64
		{0F6D531E-33F3-32CD-897D-AEFAA603028F}.Release|x64.ActiveCfg = Release|x64
		{0F6D531E-33F3-32CD-897D-AEFAA603028F}.Release|x64.Build.0 = Release|x64
		{0F6D531E-33F3-32CD-897D-AEFAA603028F}.MinSizeRel|x64.ActiveCfg = MinSizeRel|x64
		{0F6D531E-33F3-32CD-897D-AEFAA603028F}.MinSizeRel|x64.Build.0 = MinSizeRel|x64
		{0F6D531E-33F3-32CD-897D-AEFAA603028F}.RelWithDebInfo|x64.ActiveCfg = RelWithDebInfo|x64
		{0F6D531E-33F3-32CD-897D-AEFAA603028F}.RelWithDebInfo|x64.Build.0 = RelWithDebInfo|x64
		{7327E565-0FE6-31E7-85FA-7E9E3BE28ABB}.Debug|x64.ActiveCfg = Debug|x64
		{7327E565-0FE6-31E7-85FA-7E9E3BE28ABB}.Debug|x64.Build.0 = Debug|x64
		{7327E565-0FE6-31E7-85FA-7E9E3BE28ABB}.Release|x64.ActiveCfg = Release|x64
		{7327E565-0FE6-31E7-85FA-7E9E3BE28ABB}.Release|x64.Build.0 = Release|x64
		{7327E565-0FE6-31E7-85FA-7E9E3BE28ABB}.MinSizeRel|x64.ActiveCfg = MinSizeRel|x64
		{7327E565-0FE6-31E7-85FA-7E9E3BE28ABB}.MinSizeRel|x64.Build.0 = MinSizeRel|x64
		{7327E565-0FE6-31E7-85FA-7E9E3BE28ABB}.RelWithDebInfo|x64.ActiveCfg = RelWithDebInfo|x64
		{7327E565-0FE6-31E7-85FA-7E9E3BE28ABB}.RelWithDebInfo|x64.Build.0 = RelWithDebInfo|x64
	EndGlobalSection
	GlobalSection(ExtensibilityGlobals) = postSolution
		SolutionGuid = {C9AA9874-699E-34A8-85F5-F957A80D41A6}
	EndGlobalSection
	GlobalSection(ExtensibilityAddIns) = postSolution
	EndGlobalSection
EndGlobal
