<?xml version="1.0" encoding="utf-8"?>
<Project ToolsVersion="4.0" xmlns="http://schemas.microsoft.com/developer/msbuild/2003">
  <ItemGroup>
    <Filter Include="Source Files">
      <UniqueIdentifier>{4FC737F1-C7A5-4376-A066-2A32D752A2FF}</UniqueIdentifier>
      <Extensions>cpp;c;cc;cxx;c++;cppm;ixx;def;odl;idl;hpj;bat;asm;asmx</Extensions>
    </Filter>
    <Filter Include="Header Files">
      <UniqueIdentifier>{93995380-89BD-4b04-88EB-625FBE52EBFB}</UniqueIdentifier>
      <Extensions>h;hh;hpp;hxx;h++;hm;inl;inc;ipp;xsd</Extensions>
    </Filter>
    <Filter Include="Resource Files">
      <UniqueIdentifier>{67DA6AB6-F800-4c08-8B7A-83BB121AAD01}</UniqueIdentifier>
      <Extensions>rc;ico;cur;bmp;dlg;rc2;rct;bin;rgs;gif;jpg;jpeg;jpe;resx;tiff;tif;png;wav;mfcribbon-ms</Extensions>
    </Filter>
  </ItemGroup>
  <ItemGroup>
    <ClInclude Include="MFCAndyCAD.h">
      <Filter>Header Files</Filter>
    </ClInclude>
    <ClInclude Include="framework.h">
      <Filter>Header Files</Filter>
    </ClInclude>
    <ClInclude Include="targetver.h">
      <Filter>Header Files</Filter>
    </ClInclude>
    <ClInclude Include="MainFrm.h">
      <Filter>Header Files</Filter>
    </ClInclude>
    <ClInclude Include="ChildFrm.h">
      <Filter>Header Files</Filter>
    </ClInclude>
    <ClInclude Include="MFCAndyCADDoc.h">
      <Filter>Header Files</Filter>
    </ClInclude>
    <ClInclude Include="MFCAndyCADView.h">
      <Filter>Header Files</Filter>
    </ClInclude>
    <ClInclude Include="Resource.h">
      <Filter>Header Files</Filter>
    </ClInclude>
    <ClInclude Include="calendarbar.h">
      <Filter>Header Files</Filter>
    </ClInclude>
    <ClInclude Include="pch.h">
      <Filter>Header Files</Filter>
    </ClInclude>
    <ClInclude Include="..\andy\AABB.h">
      <Filter>Header Files</Filter>
    </ClInclude>
    <ClInclude Include="..\andy\AddinManager.h">
      <Filter>Header Files</Filter>
    </ClInclude>
    <ClInclude Include="..\andy\AddinManager1.h">
      <Filter>Header Files</Filter>
    </ClInclude>
    <ClInclude Include="..\andy\AddinSettingsDialog1.h">
      <Filter>Header Files</Filter>
    </ClInclude>
    <ClInclude Include="..\andy\andy.tab.h">
      <Filter>Header Files</Filter>
    </ClInclude>
    <ClInclude Include="..\andy\andy_tab.h">
      <Filter>Header Files</Filter>
    </ClInclude>
    <ClInclude Include="..\andy\andycad.h">
      <Filter>Header Files</Filter>
    </ClInclude>
    <ClInclude Include="..\andy\AndyCadAddin.h">
      <Filter>Header Files</Filter>
    </ClInclude>
    <ClInclude Include="..\andy\andycadDoc.h">
      <Filter>Header Files</Filter>
    </ClInclude>
    <ClInclude Include="..\andy\andycadView.h">
      <Filter>Header Files</Filter>
    </ClInclude>
    <ClInclude Include="..\andy\Application.h">
      <Filter>Header Files</Filter>
    </ClInclude>
    <ClInclude Include="..\andy\arcprop.h">
      <Filter>Header Files</Filter>
    </ClInclude>
    <ClInclude Include="..\andy\ArrayAngle.h">
      <Filter>Header Files</Filter>
    </ClInclude>
    <ClInclude Include="..\andy\barrowc.h">
      <Filter>Header Files</Filter>
    </ClInclude>
    <ClInclude Include="..\andy\BArrowP.h">
      <Filter>Header Files</Filter>
    </ClInclude>
    <ClInclude Include="..\andy\Bezier.h">
      <Filter>Header Files</Filter>
    </ClInclude>
    <ClInclude Include="..\andy\BoolP.h">
      <Filter>Header Files</Filter>
    </ClInclude>
    <ClInclude Include="..\andy\cad.h">
      <Filter>Header Files</Filter>
    </ClInclude>
    <ClInclude Include="..\andy\cad_h.h">
      <Filter>Header Files</Filter>
    </ClInclude>
    <ClInclude Include="..\andy\CadAddIn.h">
      <Filter>Header Files</Filter>
    </ClInclude>
    <ClInclude Include="..\andy\CadAddIn_h.h">
      <Filter>Header Files</Filter>
    </ClInclude>
    <ClInclude Include="..\andy\CadAddInCP.h">
      <Filter>Header Files</Filter>
    </ClInclude>
    <ClInclude Include="..\andy\CadAutoCamera.h">
      <Filter>Header Files</Filter>
    </ClInclude>
    <ClInclude Include="..\andy\CadAutoCanvas.h">
      <Filter>Header Files</Filter>
    </ClInclude>
    <ClInclude Include="..\andy\CadAutoCollection.h">
      <Filter>Header Files</Filter>
    </ClInclude>
    <ClInclude Include="..\andy\CadAutoDrawing.h">
      <Filter>Header Files</Filter>
    </ClInclude>
    <ClInclude Include="..\andy\CadAutoDrawingCollection.h">
      <Filter>Header Files</Filter>
    </ClInclude>
    <ClInclude Include="..\andy\CadAutoEdit.h">
      <Filter>Header Files</Filter>
    </ClInclude>
    <ClInclude Include="..\andy\CAdAutoShape.h">
      <Filter>Header Files</Filter>
    </ClInclude>
    <ClInclude Include="..\andy\CadAutoSurface.h">
      <Filter>Header Files</Filter>
    </ClInclude>
    <ClInclude Include="..\andy\CadAutoTransform.h">
      <Filter>Header Files</Filter>
    </ClInclude>
    <ClInclude Include="..\andy\CadAutoUtils.h">
      <Filter>Header Files</Filter>
    </ClInclude>
    <ClInclude Include="..\andy\CadAutoVector.h">
      <Filter>Header Files</Filter>
    </ClInclude>
    <ClInclude Include="..\andy\CadAutoWnd.h">
      <Filter>Header Files</Filter>
    </ClInclude>
    <ClInclude Include="..\andy\cadDoc.h">
      <Filter>Header Files</Filter>
    </ClInclude>
    <ClInclude Include="..\andy\cadView.h">
      <Filter>Header Files</Filter>
    </ClInclude>
    <ClInclude Include="..\andy\CAM.h">
      <Filter>Header Files</Filter>
    </ClInclude>
    <ClInclude Include="..\andy\CameraDlg.h">
      <Filter>Header Files</Filter>
    </ClInclude>
    <ClInclude Include="..\andy\Cercle.h">
      <Filter>Header Files</Filter>
    </ClInclude>
    <ClInclude Include="..\andy\chamfd.h">
      <Filter>Header Files</Filter>
    </ClInclude>
    <ClInclude Include="..\andy\Chamfer.h">
      <Filter>Header Files</Filter>
    </ClInclude>
    <ClInclude Include="..\andy\chfi.h">
      <Filter>Header Files</Filter>
    </ClInclude>
    <ClInclude Include="..\andy\childfrm.h">
      <Filter>Header Files</Filter>
    </ClInclude>
    <ClInclude Include="..\andy\Click.h">
      <Filter>Header Files</Filter>
    </ClInclude>
    <ClInclude Include="..\andy\clinesty.h">
      <Filter>Header Files</Filter>
    </ClInclude>
    <ClInclude Include="..\andy\Clipper.h">
      <Filter>Header Files</Filter>
    </ClInclude>
    <ClInclude Include="..\andy\cmemdc.h">
      <Filter>Header Files</Filter>
    </ClInclude>
    <ClInclude Include="..\andy\cmemdoc.h">
      <Filter>Header Files</Filter>
    </ClInclude>
    <ClInclude Include="..\andy\cmoveandrotatebar.h">
      <Filter>Header Files</Filter>
    </ClInclude>
    <ClInclude Include="..\andy\CntrItem.h">
      <Filter>Header Files</Filter>
    </ClInclude>
    <ClInclude Include="..\andy\Colord.h">
      <Filter>Header Files</Filter>
    </ClInclude>
    <ClInclude Include="..\andy\Command.h">
      <Filter>Header Files</Filter>
    </ClInclude>
    <ClInclude Include="..\andy\Constraint.h">
      <Filter>Header Files</Filter>
    </ClInclude>
    <ClInclude Include="..\andy\Copie (3) de Textcad.h">
      <Filter>Header Files</Filter>
    </ClInclude>
    <ClInclude Include="..\andy\Copy of AABB.h">
      <Filter>Header Files</Filter>
    </ClInclude>
    <ClInclude Include="..\andy\Copy of AddinManager.h">
      <Filter>Header Files</Filter>
    </ClInclude>
    <ClInclude Include="..\andy\Copy of AddinManager1.h">
      <Filter>Header Files</Filter>
    </ClInclude>
    <ClInclude Include="..\andy\Copy of AddinSettingsDialog1.h">
      <Filter>Header Files</Filter>
    </ClInclude>
    <ClInclude Include="..\andy\Copy of AndyCad.h">
      <Filter>Header Files</Filter>
    </ClInclude>
    <ClInclude Include="..\andy\Copy of AndyCadAddin.h">
      <Filter>Header Files</Filter>
    </ClInclude>
    <ClInclude Include="..\andy\Copy of Application.h">
      <Filter>Header Files</Filter>
    </ClInclude>
    <ClInclude Include="..\andy\Copy of arcprop.h">
      <Filter>Header Files</Filter>
    </ClInclude>
    <ClInclude Include="..\andy\Copy of ArrayAngle.h">
      <Filter>Header Files</Filter>
    </ClInclude>
    <ClInclude Include="..\andy\Copy of barrowc.h">
      <Filter>Header Files</Filter>
    </ClInclude>
    <ClInclude Include="..\andy\Copy of BArrowP.h">
      <Filter>Header Files</Filter>
    </ClInclude>
    <ClInclude Include="..\andy\Copy of Bezier.h">
      <Filter>Header Files</Filter>
    </ClInclude>
    <ClInclude Include="..\andy\Copy of cad.h">
      <Filter>Header Files</Filter>
    </ClInclude>
    <ClInclude Include="..\andy\Copy of CadAddIn.h">
      <Filter>Header Files</Filter>
    </ClInclude>
    <ClInclude Include="..\andy\Copy of CadAddInCP.h">
      <Filter>Header Files</Filter>
    </ClInclude>
    <ClInclude Include="..\andy\Copy of CadAutoCamera.h">
      <Filter>Header Files</Filter>
    </ClInclude>
    <ClInclude Include="..\andy\Copy of CadAutoCanvas.h">
      <Filter>Header Files</Filter>
    </ClInclude>
    <ClInclude Include="..\andy\Copy of CadAutoCollection.h">
      <Filter>Header Files</Filter>
    </ClInclude>
    <ClInclude Include="..\andy\Copy of CadAutoDrawing.h">
      <Filter>Header Files</Filter>
    </ClInclude>
    <ClInclude Include="..\andy\Copy of CadAutoDrawingCollection.h">
      <Filter>Header Files</Filter>
    </ClInclude>
    <ClInclude Include="..\andy\Copy of CadAutoEdit.h">
      <Filter>Header Files</Filter>
    </ClInclude>
    <ClInclude Include="..\andy\Copy of CAdAutoShape.h">
      <Filter>Header Files</Filter>
    </ClInclude>
    <ClInclude Include="..\andy\Copy of CadAutoSurface.h">
      <Filter>Header Files</Filter>
    </ClInclude>
    <ClInclude Include="..\andy\Copy of CadAutoTransform.h">
      <Filter>Header Files</Filter>
    </ClInclude>
    <ClInclude Include="..\andy\Copy of CadAutoUtils.h">
      <Filter>Header Files</Filter>
    </ClInclude>
    <ClInclude Include="..\andy\Copy of CadAutoVector.h">
      <Filter>Header Files</Filter>
    </ClInclude>
    <ClInclude Include="..\andy\Copy of CadAutoWnd.h">
      <Filter>Header Files</Filter>
    </ClInclude>
    <ClInclude Include="..\andy\Copy of cadDoc.h">
      <Filter>Header Files</Filter>
    </ClInclude>
    <ClInclude Include="..\andy\Copy of cadView.h">
      <Filter>Header Files</Filter>
    </ClInclude>
    <ClInclude Include="..\andy\Copy of CAM.h">
      <Filter>Header Files</Filter>
    </ClInclude>
    <ClInclude Include="..\andy\Copy of CameraDlg.h">
      <Filter>Header Files</Filter>
    </ClInclude>
    <ClInclude Include="..\andy\Copy of Cercle.h">
      <Filter>Header Files</Filter>
    </ClInclude>
    <ClInclude Include="..\andy\Copy of chamfd.h">
      <Filter>Header Files</Filter>
    </ClInclude>
    <ClInclude Include="..\andy\Copy of Chamfer.h">
      <Filter>Header Files</Filter>
    </ClInclude>
    <ClInclude Include="..\andy\Copy of chfi.h">
      <Filter>Header Files</Filter>
    </ClInclude>
    <ClInclude Include="..\andy\Copy of childfrm.h">
      <Filter>Header Files</Filter>
    </ClInclude>
    <ClInclude Include="..\andy\Copy of Click.h">
      <Filter>Header Files</Filter>
    </ClInclude>
    <ClInclude Include="..\andy\Copy of clinesty.h">
      <Filter>Header Files</Filter>
    </ClInclude>
    <ClInclude Include="..\andy\Copy of cmemdc.h">
      <Filter>Header Files</Filter>
    </ClInclude>
    <ClInclude Include="..\andy\Copy of cmemdoc.h">
      <Filter>Header Files</Filter>
    </ClInclude>
    <ClInclude Include="..\andy\Copy of cmoveandrotatebar.h">
      <Filter>Header Files</Filter>
    </ClInclude>
    <ClInclude Include="..\andy\Copy of Colord.h">
      <Filter>Header Files</Filter>
    </ClInclude>
    <ClInclude Include="..\andy\Copy of Command.h">
      <Filter>Header Files</Filter>
    </ClInclude>
    <ClInclude Include="..\andy\Copy of Copie (2) de Textcad.h">
      <Filter>Header Files</Filter>
    </ClInclude>
    <ClInclude Include="..\andy\cpapersize.h">
      <Filter>Header Files</Filter>
    </ClInclude>
    <ClInclude Include="..\andy\Crypt.h">
      <Filter>Header Files</Filter>
    </ClInclude>
    <ClInclude Include="..\andy\Crypto.h">
      <Filter>Header Files</Filter>
    </ClInclude>
    <ClInclude Include="..\andy\Crypto1.h">
      <Filter>Header Files</Filter>
    </ClInclude>
    <ClInclude Include="..\andy\CTreeCtrl.h">
      <Filter>Header Files</Filter>
    </ClInclude>
    <ClInclude Include="..\andy\customsheet.h">
      <Filter>Header Files</Filter>
    </ClInclude>
    <ClInclude Include="..\andy\customwidth.h">
      <Filter>Header Files</Filter>
    </ClInclude>
    <ClInclude Include="..\andy\CVector.h">
      <Filter>Header Files</Filter>
    </ClInclude>
    <ClInclude Include="..\andy\dim.h">
      <Filter>Header Files</Filter>
    </ClInclude>
    <ClInclude Include="..\andy\dima.h">
      <Filter>Header Files</Filter>
    </ClInclude>
    <ClInclude Include="..\andy\DimArrow.h">
      <Filter>Header Files</Filter>
    </ClInclude>
    <ClInclude Include="..\andy\diml.h">
      <Filter>Header Files</Filter>
    </ClInclude>
    <ClInclude Include="..\andy\DimText.h">
      <Filter>Header Files</Filter>
    </ClInclude>
    <ClInclude Include="..\andy\DlgCap.h">
      <Filter>Header Files</Filter>
    </ClInclude>
    <ClInclude Include="..\andy\dot.h">
      <Filter>Header Files</Filter>
    </ClInclude>
    <ClInclude Include="..\andy\Draw.h">
      <Filter>Header Files</Filter>
    </ClInclude>
    <ClInclude Include="..\andy\drawwnd.h">
      <Filter>Header Files</Filter>
    </ClInclude>
    <ClInclude Include="..\andy\dxf_file.h">
      <Filter>Header Files</Filter>
    </ClInclude>
    <ClInclude Include="..\andy\dxf_format.h">
      <Filter>Header Files</Filter>
    </ClInclude>
    <ClInclude Include="..\andy\dxf_tab.h">
      <Filter>Header Files</Filter>
    </ClInclude>
    <ClInclude Include="..\andy\DxfArrayScanner.h">
      <Filter>Header Files</Filter>
    </ClInclude>
    <ClInclude Include="..\andy\DxfParser.h">
      <Filter>Header Files</Filter>
    </ClInclude>
    <ClInclude Include="..\andy\Edge.h">
      <Filter>Header Files</Filter>
    </ClInclude>
    <ClInclude Include="..\andy\EditMacroDlg.h">
      <Filter>Header Files</Filter>
    </ClInclude>
    <ClInclude Include="..\andy\EditParse.h">
      <Filter>Header Files</Filter>
    </ClInclude>
    <ClInclude Include="..\andy\Face.h">
      <Filter>Header Files</Filter>
    </ClInclude>
    <ClInclude Include="..\andy\FFD.h">
      <Filter>Header Files</Filter>
    </ClInclude>
    <ClInclude Include="..\andy\Figure.h">
      <Filter>Header Files</Filter>
    </ClInclude>
    <ClInclude Include="..\andy\Figureback.h">
      <Filter>Header Files</Filter>
    </ClInclude>
    <ClInclude Include="..\andy\FileMacroDlg.h">
      <Filter>Header Files</Filter>
    </ClInclude>
    <ClInclude Include="..\andy\FilenameEdit.h">
      <Filter>Header Files</Filter>
    </ClInclude>
    <ClInclude Include="..\andy\FloatP.h">
      <Filter>Header Files</Filter>
    </ClInclude>
    <ClInclude Include="..\andy\font.h">
      <Filter>Header Files</Filter>
    </ClInclude>
    <ClInclude Include="..\andy\geometry.h">
      <Filter>Header Files</Filter>
    </ClInclude>
    <ClInclude Include="..\andy\gridpag.h">
      <Filter>Header Files</Filter>
    </ClInclude>
    <ClInclude Include="..\andy\gridpage.h">
      <Filter>Header Files</Filter>
    </ClInclude>
    <ClInclude Include="..\andy\image.h">
      <Filter>Header Files</Filter>
    </ClInclude>
    <ClInclude Include="..\andy\Imagex.h">
      <Filter>Header Files</Filter>
    </ClInclude>
    <ClInclude Include="..\andy\infobar.h">
      <Filter>Header Files</Filter>
    </ClInclude>
    <ClInclude Include="..\andy\inplaceframe.h">
      <Filter>Header Files</Filter>
    </ClInclude>
    <ClInclude Include="..\andy\inter.h">
      <Filter>Header Files</Filter>
    </ClInclude>
    <ClInclude Include="..\andy\IntP.h">
      <Filter>Header Files</Filter>
    </ClInclude>
    <ClInclude Include="..\andy\IpFrame.h">
      <Filter>Header Files</Filter>
    </ClInclude>
    <ClInclude Include="..\andy\laybar.h">
      <Filter>Header Files</Filter>
    </ClInclude>
    <ClInclude Include="..\andy\Layerad.h">
      <Filter>Header Files</Filter>
    </ClInclude>
    <ClInclude Include="..\andy\LayerD.h">
      <Filter>Header Files</Filter>
    </ClInclude>
    <ClInclude Include="..\andy\laylist.h">
      <Filter>Header Files</Filter>
    </ClInclude>
    <ClInclude Include="..\andy\lcombobox.h">
      <Filter>Header Files</Filter>
    </ClInclude>
    <ClInclude Include="..\andy\libdialog.h">
      <Filter>Header Files</Filter>
    </ClInclude>
    <ClInclude Include="..\andy\Libs.h">
      <Filter>Header Files</Filter>
    </ClInclude>
    <ClInclude Include="..\andy\LightD.h">
      <Filter>Header Files</Filter>
    </ClInclude>
    <ClInclude Include="..\andy\line.h">
      <Filter>Header Files</Filter>
    </ClInclude>
    <ClInclude Include="..\andy\lineagain.h">
      <Filter>Header Files</Filter>
    </ClInclude>
    <ClInclude Include="..\andy\linebar.h">
      <Filter>Header Files</Filter>
    </ClInclude>
    <ClInclude Include="..\andy\linestyle.h">
      <Filter>Header Files</Filter>
    </ClInclude>
    <ClInclude Include="..\andy\MacroManager.h">
      <Filter>Header Files</Filter>
    </ClInclude>
    <ClInclude Include="..\andy\MainFrm.h">
      <Filter>Header Files</Filter>
    </ClInclude>
    <ClInclude Include="..\andy\matrix.h">
      <Filter>Header Files</Filter>
    </ClInclude>
    <ClInclude Include="..\andy\matrix1.h">
      <Filter>Header Files</Filter>
    </ClInclude>
    <ClInclude Include="..\andy\MClick.h">
      <Filter>Header Files</Filter>
    </ClInclude>
    <ClInclude Include="..\andy\mdccombo.h">
      <Filter>Header Files</Filter>
    </ClInclude>
    <ClInclude Include="..\andy\memdc.h">
      <Filter>Header Files</Filter>
    </ClInclude>
    <ClInclude Include="..\andy\Memento.h">
      <Filter>Header Files</Filter>
    </ClInclude>
    <ClInclude Include="..\andy\Mesh.h">
      <Filter>Header Files</Filter>
    </ClInclude>
    <ClInclude Include="..\andy\mlinestyle.h">
      <Filter>Header Files</Filter>
    </ClInclude>
    <ClInclude Include="..\andy\mouse.h">
      <Filter>Header Files</Filter>
    </ClInclude>
    <ClInclude Include="..\andy\MultVar.h">
      <Filter>Header Files</Filter>
    </ClInclude>
    <ClInclude Include="..\andy\NewMacroDlg.h">
      <Filter>Header Files</Filter>
    </ClInclude>
    <ClInclude Include="..\andy\newtext.h">
      <Filter>Header Files</Filter>
    </ClInclude>
    <ClInclude Include="..\andy\nstatusbar.h">
      <Filter>Header Files</Filter>
    </ClInclude>
    <ClInclude Include="..\andy\numcopy.h">
      <Filter>Header Files</Filter>
    </ClInclude>
    <ClInclude Include="..\andy\OBJEdit.h">
      <Filter>Header Files</Filter>
    </ClInclude>
    <ClInclude Include="..\andy\Observer.h">
      <Filter>Header Files</Filter>
    </ClInclude>
    <ClInclude Include="..\andy\operation.h">
      <Filter>Header Files</Filter>
    </ClInclude>
    <ClInclude Include="..\andy\optionsheet.h">
      <Filter>Header Files</Filter>
    </ClInclude>
    <ClInclude Include="..\andy\owncombo.h">
      <Filter>Header Files</Filter>
    </ClInclude>
    <ClInclude Include="..\andy\OwnCombo1.h">
      <Filter>Header Files</Filter>
    </ClInclude>
    <ClInclude Include="..\andy\ownlist.h">
      <Filter>Header Files</Filter>
    </ClInclude>
    <ClInclude Include="..\andy\paperpag.h">
      <Filter>Header Files</Filter>
    </ClInclude>
    <ClInclude Include="..\andy\paperpage.h">
      <Filter>Header Files</Filter>
    </ClInclude>
    <ClInclude Include="..\andy\ParseDlg.h">
      <Filter>Header Files</Filter>
    </ClInclude>
    <ClInclude Include="..\andy\Parser.h">
      <Filter>Header Files</Filter>
    </ClInclude>
    <ClInclude Include="..\andy\ParserArc.h">
      <Filter>Header Files</Filter>
    </ClInclude>
    <ClInclude Include="..\andy\ParserCircle.h">
      <Filter>Header Files</Filter>
    </ClInclude>
    <ClInclude Include="..\andy\ParserDXF.h">
      <Filter>Header Files</Filter>
    </ClInclude>
    <ClInclude Include="..\andy\ParserFloat.h">
      <Filter>Header Files</Filter>
    </ClInclude>
    <ClInclude Include="..\andy\ParserObject.h">
      <Filter>Header Files</Filter>
    </ClInclude>
    <ClInclude Include="..\andy\ParserPoint.h">
      <Filter>Header Files</Filter>
    </ClInclude>
    <ClInclude Include="..\andy\ParserRectangle.h">
      <Filter>Header Files</Filter>
    </ClInclude>
    <ClInclude Include="..\andy\ParserVar.h">
      <Filter>Header Files</Filter>
    </ClInclude>
    <ClInclude Include="..\andy\ParserVerb.h">
      <Filter>Header Files</Filter>
    </ClInclude>
    <ClInclude Include="..\andy\Pattern.h">
      <Filter>Header Files</Filter>
    </ClInclude>
    <ClInclude Include="..\andy\pgrid.h">
      <Filter>Header Files</Filter>
    </ClInclude>
    <ClInclude Include="..\andy\picture.h">
      <Filter>Header Files</Filter>
    </ClInclude>
    <ClInclude Include="..\andy\Plane.h">
      <Filter>Header Files</Filter>
    </ClInclude>
    <ClInclude Include="..\andy\PolarTrackDlg.h">
      <Filter>Header Files</Filter>
    </ClInclude>
    <ClInclude Include="..\andy\popbar.h">
      <Filter>Header Files</Filter>
    </ClInclude>
    <ClInclude Include="..\andy\ProgressBar.h">
      <Filter>Header Files</Filter>
    </ClInclude>
    <ClInclude Include="..\andy\Property.h">
      <Filter>Header Files</Filter>
    </ClInclude>
    <ClInclude Include="..\andy\proppage.h">
      <Filter>Header Files</Filter>
    </ClInclude>
    <ClInclude Include="..\andy\qline.h">
      <Filter>Header Files</Filter>
    </ClInclude>
    <ClInclude Include="..\andy\QuadTree.h">
      <Filter>Header Files</Filter>
    </ClInclude>
    <ClInclude Include="..\andy\Quaternion.h">
      <Filter>Header Files</Filter>
    </ClInclude>
    <ClInclude Include="..\andy\Ray.h">
      <Filter>Header Files</Filter>
    </ClInclude>
    <ClInclude Include="..\andy\RecArray.h">
      <Filter>Header Files</Filter>
    </ClInclude>
    <ClInclude Include="..\andy\reccolor.h">
      <Filter>Header Files</Filter>
    </ClInclude>
    <ClInclude Include="..\andy\RecPattern.h">
      <Filter>Header Files</Filter>
    </ClInclude>
    <ClInclude Include="..\andy\rectangle.h">
      <Filter>Header Files</Filter>
    </ClInclude>
    <ClInclude Include="..\andy\RegDialog.h">
      <Filter>Header Files</Filter>
    </ClInclude>
    <ClInclude Include="..\andy\Register.h">
      <Filter>Header Files</Filter>
    </ClInclude>
    <ClInclude Include="..\andy\Render.h">
      <Filter>Header Files</Filter>
    </ClInclude>
    <ClInclude Include="..\andy\resourc.h">
      <Filter>Header Files</Filter>
    </ClInclude>
    <ClInclude Include="..\andy\resource.h">
      <Filter>Header Files</Filter>
    </ClInclude>
    <ClInclude Include="..\andy\Rtfdecl.h">
      <Filter>Header Files</Filter>
    </ClInclude>
    <ClInclude Include="..\andy\Rtftype.h">
      <Filter>Header Files</Filter>
    </ClInclude>
    <ClInclude Include="..\andy\ruler.h">
      <Filter>Header Files</Filter>
    </ClInclude>
    <ClInclude Include="..\andy\ruler1.h">
      <Filter>Header Files</Filter>
    </ClInclude>
    <ClInclude Include="..\andy\RunMacroDlg.h">
      <Filter>Header Files</Filter>
    </ClInclude>
    <ClInclude Include="..\andy\SmoothD.h">
      <Filter>Header Files</Filter>
    </ClInclude>
    <ClInclude Include="..\andy\Snap.h">
      <Filter>Header Files</Filter>
    </ClInclude>
    <ClInclude Include="..\andy\Snap2.h">
      <Filter>Header Files</Filter>
    </ClInclude>
    <ClInclude Include="..\andy\SnapCentP.h">
      <Filter>Header Files</Filter>
    </ClInclude>
    <ClInclude Include="..\andy\SnapDlg.h">
      <Filter>Header Files</Filter>
    </ClInclude>
    <ClInclude Include="..\andy\SnapEndP.h">
      <Filter>Header Files</Filter>
    </ClInclude>
    <ClInclude Include="..\andy\SnapGridDlg.h">
      <Filter>Header Files</Filter>
    </ClInclude>
    <ClInclude Include="..\andy\SnapGridDlg2.h">
      <Filter>Header Files</Filter>
    </ClInclude>
    <ClInclude Include="..\andy\SnapGridP.h">
      <Filter>Header Files</Filter>
    </ClInclude>
    <ClInclude Include="..\andy\SnapIntP.h">
      <Filter>Header Files</Filter>
    </ClInclude>
    <ClInclude Include="..\andy\SnapMidP.h">
      <Filter>Header Files</Filter>
    </ClInclude>
    <ClInclude Include="..\andy\SnapNearP.h">
      <Filter>Header Files</Filter>
    </ClInclude>
    <ClInclude Include="..\andy\SnapObject.h">
      <Filter>Header Files</Filter>
    </ClInclude>
    <ClInclude Include="..\andy\SnapObjectDlg.h">
      <Filter>Header Files</Filter>
    </ClInclude>
    <ClInclude Include="..\andy\SnapPara.h">
      <Filter>Header Files</Filter>
    </ClInclude>
    <ClInclude Include="..\andy\SnapParaGrid.h">
      <Filter>Header Files</Filter>
    </ClInclude>
    <ClInclude Include="..\andy\SnapPerp.h">
      <Filter>Header Files</Filter>
    </ClInclude>
    <ClInclude Include="..\andy\SnapPoint.h">
      <Filter>Header Files</Filter>
    </ClInclude>
    <ClInclude Include="..\andy\splash.h">
      <Filter>Header Files</Filter>
    </ClInclude>
    <ClInclude Include="..\andy\Spline.h">
      <Filter>Header Files</Filter>
    </ClInclude>
    <ClInclude Include="..\andy\SrvrItem.h">
      <Filter>Header Files</Filter>
    </ClInclude>
    <ClInclude Include="..\andy\State.h">
      <Filter>Header Files</Filter>
    </ClInclude>
    <ClInclude Include="..\andy\StdAfx.h">
      <Filter>Header Files</Filter>
    </ClInclude>
    <ClInclude Include="..\andy\StringP.h">
      <Filter>Header Files</Filter>
    </ClInclude>
    <ClInclude Include="..\andy\Subject.h">
      <Filter>Header Files</Filter>
    </ClInclude>
    <ClInclude Include="..\andy\subwnd.h">
      <Filter>Header Files</Filter>
    </ClInclude>
    <ClInclude Include="..\andy\TabOption.h">
      <Filter>Header Files</Filter>
    </ClInclude>
    <ClInclude Include="..\andy\Tangle.h">
      <Filter>Header Files</Filter>
    </ClInclude>
    <ClInclude Include="..\andy\text.h">
      <Filter>Header Files</Filter>
    </ClInclude>
    <ClInclude Include="..\andy\text1.h">
      <Filter>Header Files</Filter>
    </ClInclude>
    <ClInclude Include="..\andy\Textcad.h">
      <Filter>Header Files</Filter>
    </ClInclude>
    <ClInclude Include="..\andy\Textcad_2.h">
      <Filter>Header Files</Filter>
    </ClInclude>
    <ClInclude Include="..\andy\Textcad1.h">
      <Filter>Header Files</Filter>
    </ClInclude>
    <ClInclude Include="..\andy\textd.h">
      <Filter>Header Files</Filter>
    </ClInclude>
    <ClInclude Include="..\andy\TextDi.h">
      <Filter>Header Files</Filter>
    </ClInclude>
    <ClInclude Include="..\andy\texts.h">
      <Filter>Header Files</Filter>
    </ClInclude>
    <ClInclude Include="..\andy\ThickD.h">
      <Filter>Header Files</Filter>
    </ClInclude>
    <ClInclude Include="..\andy\tipdlg.h">
      <Filter>Header Files</Filter>
    </ClInclude>
    <ClInclude Include="..\andy\toolbarw.h">
      <Filter>Header Files</Filter>
    </ClInclude>
    <ClInclude Include="..\andy\toolbarx.h">
      <Filter>Header Files</Filter>
    </ClInclude>
    <ClInclude Include="..\andy\TransDlg.h">
      <Filter>Header Files</Filter>
    </ClInclude>
    <ClInclude Include="..\andy\translate.h">
      <Filter>Header Files</Filter>
    </ClInclude>
    <ClInclude Include="..\andy\Triangle.h">
      <Filter>Header Files</Filter>
    </ClInclude>
    <ClInclude Include="..\andy\TRIM.h">
      <Filter>Header Files</Filter>
    </ClInclude>
    <ClInclude Include="..\andy\tritest.h">
      <Filter>Header Files</Filter>
    </ClInclude>
    <ClInclude Include="..\andy\tvector.h">
      <Filter>Header Files</Filter>
    </ClInclude>
    <ClInclude Include="..\andy\txted.h">
      <Filter>Header Files</Filter>
    </ClInclude>
    <ClInclude Include="..\andy\Unclick.h">
      <Filter>Header Files</Filter>
    </ClInclude>
    <ClInclude Include="..\andy\Undo.h">
      <Filter>Header Files</Filter>
    </ClInclude>
    <ClInclude Include="..\andy\Vector.h">
      <Filter>Header Files</Filter>
    </ClInclude>
    <ClInclude Include="..\andy\Vectorm.h">
      <Filter>Header Files</Filter>
    </ClInclude>
    <ClInclude Include="..\andy\vectorp.h">
      <Filter>Header Files</Filter>
    </ClInclude>
    <ClInclude Include="..\andy\vectorv.h">
      <Filter>Header Files</Filter>
    </ClInclude>
    <ClInclude Include="..\andy\Verb.h">
      <Filter>Header Files</Filter>
    </ClInclude>
    <ClInclude Include="..\andy\Vertex.h">
      <Filter>Header Files</Filter>
    </ClInclude>
    <ClInclude Include="..\andy\zoombar.h">
      <Filter>Header Files</Filter>
    </ClInclude>
    <ClInclude Include="..\andy\zoomd.h">
      <Filter>Header Files</Filter>
    </ClInclude>
  </ItemGroup>
  <ItemGroup>
    <ClCompile Include="MFCAndyCAD.cpp">
      <Filter>Source Files</Filter>
    </ClCompile>
    <ClCompile Include="MainFrm.cpp">
      <Filter>Source Files</Filter>
    </ClCompile>
    <ClCompile Include="ChildFrm.cpp">
      <Filter>Source Files</Filter>
    </ClCompile>
    <ClCompile Include="MFCAndyCADDoc.cpp">
      <Filter>Source Files</Filter>
    </ClCompile>
    <ClCompile Include="MFCAndyCADView.cpp">
      <Filter>Source Files</Filter>
    </ClCompile>
    <ClCompile Include="calendarbar.cpp">
      <Filter>Source Files</Filter>
    </ClCompile>
    <ClCompile Include="pch.cpp">
      <Filter>Source Files</Filter>
    </ClCompile>
    <ClCompile Include="..\andy\AABB.cpp">
      <Filter>Source Files</Filter>
    </ClCompile>
    <ClCompile Include="..\andy\AddinManager.cpp">
      <Filter>Source Files</Filter>
    </ClCompile>
    <ClCompile Include="..\andy\AddinManager1.cpp">
      <Filter>Source Files</Filter>
    </ClCompile>
    <ClCompile Include="..\andy\AddinSettingsDialog1.cpp">
      <Filter>Source Files</Filter>
    </ClCompile>
    <ClCompile Include="..\andy\andycad.cpp">
      <Filter>Source Files</Filter>
    </ClCompile>
    <ClCompile Include="..\andy\AndyCadAddin.cpp">
      <Filter>Source Files</Filter>
    </ClCompile>
    <ClCompile Include="..\andy\andycadDoc.cpp">
      <Filter>Source Files</Filter>
    </ClCompile>
    <ClCompile Include="..\andy\andycadView.cpp">
      <Filter>Source Files</Filter>
    </ClCompile>
    <ClCompile Include="..\andy\Application.cpp">
      <Filter>Source Files</Filter>
    </ClCompile>
    <ClCompile Include="..\andy\arcprop.cpp">
      <Filter>Source Files</Filter>
    </ClCompile>
    <ClCompile Include="..\andy\ArrayAngle.cpp">
      <Filter>Source Files</Filter>
    </ClCompile>
    <ClCompile Include="..\andy\barrowc.cpp">
      <Filter>Source Files</Filter>
    </ClCompile>
    <ClCompile Include="..\andy\BArrowP.cpp">
      <Filter>Source Files</Filter>
    </ClCompile>
    <ClCompile Include="..\andy\Bezier.cpp">
      <Filter>Source Files</Filter>
    </ClCompile>
    <ClCompile Include="..\andy\Bezier1.cpp">
      <Filter>Source Files</Filter>
    </ClCompile>
    <ClCompile Include="..\andy\BoolP.cpp">
      <Filter>Source Files</Filter>
    </ClCompile>
    <ClCompile Include="..\andy\cad.cpp">
      <Filter>Source Files</Filter>
    </ClCompile>
    <ClCompile Include="..\andy\CadAutoCamera.cpp">
      <Filter>Source Files</Filter>
    </ClCompile>
    <ClCompile Include="..\andy\CadAutoCanvas.cpp">
      <Filter>Source Files</Filter>
    </ClCompile>
    <ClCompile Include="..\andy\CadAutoCollection.cpp">
      <Filter>Source Files</Filter>
    </ClCompile>
    <ClCompile Include="..\andy\CadAutoDrawing.cpp">
      <Filter>Source Files</Filter>
    </ClCompile>
    <ClCompile Include="..\andy\CadAutoDrawingCollection.cpp">
      <Filter>Source Files</Filter>
    </ClCompile>
    <ClCompile Include="..\andy\CadAutoEdit.cpp">
      <Filter>Source Files</Filter>
    </ClCompile>
    <ClCompile Include="..\andy\CAdAutoShape.cpp">
      <Filter>Source Files</Filter>
    </ClCompile>
    <ClCompile Include="..\andy\CadAutoSurface.cpp">
      <Filter>Source Files</Filter>
    </ClCompile>
    <ClCompile Include="..\andy\CadAutoTransform.cpp">
      <Filter>Source Files</Filter>
    </ClCompile>
    <ClCompile Include="..\andy\CadAutoUtils.cpp">
      <Filter>Source Files</Filter>
    </ClCompile>
    <ClCompile Include="..\andy\CadAutoVector.cpp">
      <Filter>Source Files</Filter>
    </ClCompile>
    <ClCompile Include="..\andy\CadAutoWnd.cpp">
      <Filter>Source Files</Filter>
    </ClCompile>
    <ClCompile Include="..\andy\cadDoc.cpp">
      <Filter>Source Files</Filter>
    </ClCompile>
    <ClCompile Include="..\andy\cadView.cpp">
      <Filter>Source Files</Filter>
    </ClCompile>
    <ClCompile Include="..\andy\CAM.cpp">
      <Filter>Source Files</Filter>
    </ClCompile>
    <ClCompile Include="..\andy\CameraDlg.cpp">
      <Filter>Source Files</Filter>
    </ClCompile>
    <ClCompile Include="..\andy\Cercle.cpp">
      <Filter>Source Files</Filter>
    </ClCompile>
    <ClCompile Include="..\andy\chamfd.cpp">
      <Filter>Source Files</Filter>
    </ClCompile>
    <ClCompile Include="..\andy\Chamfer.cpp">
      <Filter>Source Files</Filter>
    </ClCompile>
    <ClCompile Include="..\andy\chfi.cpp">
      <Filter>Source Files</Filter>
    </ClCompile>
    <ClCompile Include="..\andy\Click.cpp">
      <Filter>Source Files</Filter>
    </ClCompile>
    <ClCompile Include="..\andy\clinesty.cpp">
      <Filter>Source Files</Filter>
    </ClCompile>
    <ClCompile Include="..\andy\Clipper.cpp">
      <Filter>Source Files</Filter>
    </ClCompile>
    <ClCompile Include="..\andy\cmoveandrotatebar.cpp">
      <Filter>Source Files</Filter>
    </ClCompile>
    <ClCompile Include="..\andy\CntrItem.cpp">
      <Filter>Source Files</Filter>
    </ClCompile>
    <ClCompile Include="..\andy\Colord.cpp">
      <Filter>Source Files</Filter>
    </ClCompile>
    <ClCompile Include="..\andy\Command.cpp">
      <Filter>Source Files</Filter>
    </ClCompile>
    <ClCompile Include="..\andy\Constraint.cpp">
      <Filter>Source Files</Filter>
    </ClCompile>
    <ClCompile Include="..\andy\Copie (3) de Textcad.cpp">
      <Filter>Source Files</Filter>
    </ClCompile>
    <ClCompile Include="..\andy\cpapersize.cpp">
      <Filter>Source Files</Filter>
    </ClCompile>
    <ClCompile Include="..\andy\Crypt.cpp">
      <Filter>Source Files</Filter>
    </ClCompile>
    <ClCompile Include="..\andy\Crypto.cpp">
      <Filter>Source Files</Filter>
    </ClCompile>
    <ClCompile Include="..\andy\Crypto1.cpp">
      <Filter>Source Files</Filter>
    </ClCompile>
    <ClCompile Include="..\andy\CTreeCtrl.cpp">
      <Filter>Source Files</Filter>
    </ClCompile>
    <ClCompile Include="..\andy\customsheet.cpp">
      <Filter>Source Files</Filter>
    </ClCompile>
    <ClCompile Include="..\andy\customwidth.cpp">
      <Filter>Source Files</Filter>
    </ClCompile>
    <ClCompile Include="..\andy\CVector.cpp">
      <Filter>Source Files</Filter>
    </ClCompile>
    <ClCompile Include="..\andy\dim.cpp">
      <Filter>Source Files</Filter>
    </ClCompile>
    <ClCompile Include="..\andy\dima.cpp">
      <Filter>Source Files</Filter>
    </ClCompile>
    <ClCompile Include="..\andy\DimArrow.cpp">
      <Filter>Source Files</Filter>
    </ClCompile>
    <ClCompile Include="..\andy\diml.cpp">
      <Filter>Source Files</Filter>
    </ClCompile>
    <ClCompile Include="..\andy\DimText.cpp">
      <Filter>Source Files</Filter>
    </ClCompile>
    <ClCompile Include="..\andy\DlgCap.cpp">
      <Filter>Source Files</Filter>
    </ClCompile>
    <ClCompile Include="..\andy\dot.cpp">
      <Filter>Source Files</Filter>
    </ClCompile>
    <ClCompile Include="..\andy\Draw.cpp">
      <Filter>Source Files</Filter>
    </ClCompile>
    <ClCompile Include="..\andy\Draw1.cpp">
      <Filter>Source Files</Filter>
    </ClCompile>
    <ClCompile Include="..\andy\drawwnd.cpp">
      <Filter>Source Files</Filter>
    </ClCompile>
    <ClCompile Include="..\andy\dxf_file.cpp">
      <Filter>Source Files</Filter>
    </ClCompile>
    <ClCompile Include="..\andy\DxfArrayScanner.cpp">
      <Filter>Source Files</Filter>
    </ClCompile>
    <ClCompile Include="..\andy\DxfParser.cpp">
      <Filter>Source Files</Filter>
    </ClCompile>
    <ClCompile Include="..\andy\Edge.cpp">
      <Filter>Source Files</Filter>
    </ClCompile>
    <ClCompile Include="..\andy\EditMacroDlg.cpp">
      <Filter>Source Files</Filter>
    </ClCompile>
    <ClCompile Include="..\andy\EditParse.cpp">
      <Filter>Source Files</Filter>
    </ClCompile>
    <ClCompile Include="..\andy\Face.cpp">
      <Filter>Source Files</Filter>
    </ClCompile>
    <ClCompile Include="..\andy\FFD.cpp">
      <Filter>Source Files</Filter>
    </ClCompile>
    <ClCompile Include="..\andy\Figure.cpp">
      <Filter>Source Files</Filter>
    </ClCompile>
    <ClCompile Include="..\andy\Figure10.cpp">
      <Filter>Source Files</Filter>
    </ClCompile>
    <ClCompile Include="..\andy\FileMacroDlg.cpp">
      <Filter>Source Files</Filter>
    </ClCompile>
    <ClCompile Include="..\andy\FilenameEdit.cpp">
      <Filter>Source Files</Filter>
    </ClCompile>
    <ClCompile Include="..\andy\FloatP.cpp">
      <Filter>Source Files</Filter>
    </ClCompile>
    <ClCompile Include="..\andy\font.cpp">
      <Filter>Source Files</Filter>
    </ClCompile>
    <ClCompile Include="..\andy\geometry.cpp">
      <Filter>Source Files</Filter>
    </ClCompile>
    <ClCompile Include="..\andy\gridpag.cpp">
      <Filter>Source Files</Filter>
    </ClCompile>
    <ClCompile Include="..\andy\gridpage.cpp">
      <Filter>Source Files</Filter>
    </ClCompile>
    <ClCompile Include="..\andy\image.cpp">
      <Filter>Source Files</Filter>
    </ClCompile>
    <ClCompile Include="..\andy\Imagex.cpp">
      <Filter>Source Files</Filter>
    </ClCompile>
    <ClCompile Include="..\andy\Infobar.cpp">
      <Filter>Source Files</Filter>
    </ClCompile>
    <ClCompile Include="..\andy\inplaceframe.cpp">
      <Filter>Source Files</Filter>
    </ClCompile>
    <ClCompile Include="..\andy\inter.cpp">
      <Filter>Source Files</Filter>
    </ClCompile>
    <ClCompile Include="..\andy\IntP.cpp">
      <Filter>Source Files</Filter>
    </ClCompile>
    <ClCompile Include="..\andy\IpFrame.cpp">
      <Filter>Source Files</Filter>
    </ClCompile>
    <ClCompile Include="..\andy\laybar.cpp">
      <Filter>Source Files</Filter>
    </ClCompile>
    <ClCompile Include="..\andy\Layerad.cpp">
      <Filter>Source Files</Filter>
    </ClCompile>
    <ClCompile Include="..\andy\LayerD.cpp">
      <Filter>Source Files</Filter>
    </ClCompile>
    <ClCompile Include="..\andy\laylist.cpp">
      <Filter>Source Files</Filter>
    </ClCompile>
    <ClCompile Include="..\andy\lcombobox.cpp">
      <Filter>Source Files</Filter>
    </ClCompile>
    <ClCompile Include="..\andy\libdialog.cpp">
      <Filter>Source Files</Filter>
    </ClCompile>
    <ClCompile Include="..\andy\Libs.cpp">
      <Filter>Source Files</Filter>
    </ClCompile>
    <ClCompile Include="..\andy\LightD.cpp">
      <Filter>Source Files</Filter>
    </ClCompile>
    <ClCompile Include="..\andy\Line.cpp">
      <Filter>Source Files</Filter>
    </ClCompile>
    <ClCompile Include="..\andy\lineagain.cpp">
      <Filter>Source Files</Filter>
    </ClCompile>
    <ClCompile Include="..\andy\linebar.cpp">
      <Filter>Source Files</Filter>
    </ClCompile>
    <ClCompile Include="..\andy\linestyle.cpp">
      <Filter>Source Files</Filter>
    </ClCompile>
    <ClCompile Include="..\andy\MacroManager.cpp">
      <Filter>Source Files</Filter>
    </ClCompile>
    <ClCompile Include="..\andy\MainFrm.cpp">
      <Filter>Source Files</Filter>
    </ClCompile>
    <ClCompile Include="..\andy\matrix.cpp">
      <Filter>Source Files</Filter>
    </ClCompile>
    <ClCompile Include="..\andy\matrix1.cpp">
      <Filter>Source Files</Filter>
    </ClCompile>
    <ClCompile Include="..\andy\MClick.cpp">
      <Filter>Source Files</Filter>
    </ClCompile>
    <ClCompile Include="..\andy\mdccombo.cpp">
      <Filter>Source Files</Filter>
    </ClCompile>
    <ClCompile Include="..\andy\Memento.cpp">
      <Filter>Source Files</Filter>
    </ClCompile>
    <ClCompile Include="..\andy\Mesh.cpp">
      <Filter>Source Files</Filter>
    </ClCompile>
    <ClCompile Include="..\andy\mlinestyle.cpp">
      <Filter>Source Files</Filter>
    </ClCompile>
    <ClCompile Include="..\andy\mouse.cpp">
      <Filter>Source Files</Filter>
    </ClCompile>
    <ClCompile Include="..\andy\MultVar.cpp">
      <Filter>Source Files</Filter>
    </ClCompile>
    <ClCompile Include="..\andy\NewMacroDlg.cpp">
      <Filter>Source Files</Filter>
    </ClCompile>
    <ClCompile Include="..\andy\newtext.cpp">
      <Filter>Source Files</Filter>
    </ClCompile>
    <ClCompile Include="..\andy\nstatusbar.cpp">
      <Filter>Source Files</Filter>
    </ClCompile>
    <ClCompile Include="..\andy\numcopy.cpp">
      <Filter>Source Files</Filter>
    </ClCompile>
    <ClCompile Include="..\andy\OBJEdit.cpp">
      <Filter>Source Files</Filter>
    </ClCompile>
    <ClCompile Include="..\andy\Observer.cpp">
      <Filter>Source Files</Filter>
    </ClCompile>
    <ClCompile Include="..\andy\operation.cpp">
      <Filter>Source Files</Filter>
    </ClCompile>
    <ClCompile Include="..\andy\optionsheet.cpp">
      <Filter>Source Files</Filter>
    </ClCompile>
    <ClCompile Include="..\andy\owncombo.cpp">
      <Filter>Source Files</Filter>
    </ClCompile>
    <ClCompile Include="..\andy\OwnCombo1.cpp">
      <Filter>Source Files</Filter>
    </ClCompile>
    <ClCompile Include="..\andy\ownlist.cpp">
      <Filter>Source Files</Filter>
    </ClCompile>
    <ClCompile Include="..\andy\paperpag.cpp">
      <Filter>Source Files</Filter>
    </ClCompile>
    <ClCompile Include="..\andy\paperpage.cpp">
      <Filter>Source Files</Filter>
    </ClCompile>
    <ClCompile Include="..\andy\ParseDlg.cpp">
      <Filter>Source Files</Filter>
    </ClCompile>
    <ClCompile Include="..\andy\Parser.cpp">
      <Filter>Source Files</Filter>
    </ClCompile>
    <ClCompile Include="..\andy\ParserArc.cpp">
      <Filter>Source Files</Filter>
    </ClCompile>
    <ClCompile Include="..\andy\ParserCircle.cpp">
      <Filter>Source Files</Filter>
    </ClCompile>
    <ClCompile Include="..\andy\ParserDXF.cpp">
      <Filter>Source Files</Filter>
    </ClCompile>
    <ClCompile Include="..\andy\ParserFloat.cpp">
      <Filter>Source Files</Filter>
    </ClCompile>
    <ClCompile Include="..\andy\ParserObject.cpp">
      <Filter>Source Files</Filter>
    </ClCompile>
    <ClCompile Include="..\andy\ParserPoint.cpp">
      <Filter>Source Files</Filter>
    </ClCompile>
    <ClCompile Include="..\andy\ParserRectangle.cpp">
      <Filter>Source Files</Filter>
    </ClCompile>
    <ClCompile Include="..\andy\ParserVar.cpp">
      <Filter>Source Files</Filter>
    </ClCompile>
    <ClCompile Include="..\andy\ParserVerb.cpp">
      <Filter>Source Files</Filter>
    </ClCompile>
    <ClCompile Include="..\andy\Pattern.cpp">
      <Filter>Source Files</Filter>
    </ClCompile>
    <ClCompile Include="..\andy\pgrid.cpp">
      <Filter>Source Files</Filter>
    </ClCompile>
    <ClCompile Include="..\andy\picture.cpp">
      <Filter>Source Files</Filter>
    </ClCompile>
    <ClCompile Include="..\andy\Plane.cpp">
      <Filter>Source Files</Filter>
    </ClCompile>
    <ClCompile Include="..\andy\PolarTrackDlg.cpp">
      <Filter>Source Files</Filter>
    </ClCompile>
    <ClCompile Include="..\andy\popbar.cpp">
      <Filter>Source Files</Filter>
    </ClCompile>
    <ClCompile Include="..\andy\ProgressBar.cpp">
      <Filter>Source Files</Filter>
    </ClCompile>
    <ClCompile Include="..\andy\Property.cpp">
      <Filter>Source Files</Filter>
    </ClCompile>
    <ClCompile Include="..\andy\proppage.cpp">
      <Filter>Source Files</Filter>
    </ClCompile>
    <ClCompile Include="..\andy\qline.cpp">
      <Filter>Source Files</Filter>
    </ClCompile>
    <ClCompile Include="..\andy\QuadTree.cpp">
      <Filter>Source Files</Filter>
    </ClCompile>
    <ClCompile Include="..\andy\Quaternion.cpp">
      <Filter>Source Files</Filter>
    </ClCompile>
    <ClCompile Include="..\andy\Ray.cpp">
      <Filter>Source Files</Filter>
    </ClCompile>
    <ClCompile Include="..\andy\RecArray.cpp">
      <Filter>Source Files</Filter>
    </ClCompile>
    <ClCompile Include="..\andy\reccolor.cpp">
      <Filter>Source Files</Filter>
    </ClCompile>
    <ClCompile Include="..\andy\RecPattern.cpp">
      <Filter>Source Files</Filter>
    </ClCompile>
    <ClCompile Include="..\andy\rectangle.cpp">
      <Filter>Source Files</Filter>
    </ClCompile>
    <ClCompile Include="..\andy\RegDialog.cpp">
      <Filter>Source Files</Filter>
    </ClCompile>
    <ClCompile Include="..\andy\Register.cpp">
      <Filter>Source Files</Filter>
    </ClCompile>
    <ClCompile Include="..\andy\Render.cpp">
      <Filter>Source Files</Filter>
    </ClCompile>
    <ClCompile Include="..\andy\RTFACTN.CPP">
      <Filter>Source Files</Filter>
    </ClCompile>
    <ClCompile Include="..\andy\Rtfreadr.cpp">
      <Filter>Source Files</Filter>
    </ClCompile>
    <ClCompile Include="..\andy\ruler.cpp">
      <Filter>Source Files</Filter>
    </ClCompile>
    <ClCompile Include="..\andy\ruler1.cpp">
      <Filter>Source Files</Filter>
    </ClCompile>
    <ClCompile Include="..\andy\RunMacroDlg.cpp">
      <Filter>Source Files</Filter>
    </ClCompile>
    <ClCompile Include="..\andy\SmoothD.cpp">
      <Filter>Source Files</Filter>
    </ClCompile>
    <ClCompile Include="..\andy\Snap.cpp">
      <Filter>Source Files</Filter>
    </ClCompile>
    <ClCompile Include="..\andy\Snap2.cpp">
      <Filter>Source Files</Filter>
    </ClCompile>
    <ClCompile Include="..\andy\SnapCentP.cpp">
      <Filter>Source Files</Filter>
    </ClCompile>
    <ClCompile Include="..\andy\SnapDlg.cpp">
      <Filter>Source Files</Filter>
    </ClCompile>
    <ClCompile Include="..\andy\SnapEndP.cpp">
      <Filter>Source Files</Filter>
    </ClCompile>
    <ClCompile Include="..\andy\SnapGridDlg.cpp">
      <Filter>Source Files</Filter>
    </ClCompile>
    <ClCompile Include="..\andy\SnapGridDlg2.cpp">
      <Filter>Source Files</Filter>
    </ClCompile>
    <ClCompile Include="..\andy\SnapGridP.cpp">
      <Filter>Source Files</Filter>
    </ClCompile>
    <ClCompile Include="..\andy\SnapIntP.cpp">
      <Filter>Source Files</Filter>
    </ClCompile>
    <ClCompile Include="..\andy\SnapMidP.cpp">
      <Filter>Source Files</Filter>
    </ClCompile>
    <ClCompile Include="..\andy\SnapNearP.cpp">
      <Filter>Source Files</Filter>
    </ClCompile>
    <ClCompile Include="..\andy\SnapObject.cpp">
      <Filter>Source Files</Filter>
    </ClCompile>
    <ClCompile Include="..\andy\SnapObjectDlg.cpp">
      <Filter>Source Files</Filter>
    </ClCompile>
    <ClCompile Include="..\andy\SnapPara.cpp">
      <Filter>Source Files</Filter>
    </ClCompile>
    <ClCompile Include="..\andy\SnapParaGrid.cpp">
      <Filter>Source Files</Filter>
    </ClCompile>
    <ClCompile Include="..\andy\SnapPerp.cpp">
      <Filter>Source Files</Filter>
    </ClCompile>
    <ClCompile Include="..\andy\SnapPoint.cpp">
      <Filter>Source Files</Filter>
    </ClCompile>
    <ClCompile Include="..\andy\splash.cpp">
      <Filter>Source Files</Filter>
    </ClCompile>
    <ClCompile Include="..\andy\Spline.cpp">
      <Filter>Source Files</Filter>
    </ClCompile>
    <ClCompile Include="..\andy\SrvrItem.cpp">
      <Filter>Source Files</Filter>
    </ClCompile>
    <ClCompile Include="..\andy\State.cpp">
      <Filter>Source Files</Filter>
    </ClCompile>
    <ClCompile Include="..\andy\StdAfx.cpp">
      <Filter>Source Files</Filter>
    </ClCompile>
    <ClCompile Include="..\andy\StringP.cpp">
      <Filter>Source Files</Filter>
    </ClCompile>
    <ClCompile Include="..\andy\Subject.cpp">
      <Filter>Source Files</Filter>
    </ClCompile>
    <ClCompile Include="..\andy\subwnd.cpp">
      <Filter>Source Files</Filter>
    </ClCompile>
    <ClCompile Include="..\andy\TabOption.cpp">
      <Filter>Source Files</Filter>
    </ClCompile>
    <ClCompile Include="..\andy\Tangle.cpp">
      <Filter>Source Files</Filter>
    </ClCompile>
    <ClCompile Include="..\andy\text.cpp">
      <Filter>Source Files</Filter>
    </ClCompile>
    <ClCompile Include="..\andy\text1.cpp">
      <Filter>Source Files</Filter>
    </ClCompile>
    <ClCompile Include="..\andy\Textcad.cpp">
      <Filter>Source Files</Filter>
    </ClCompile>
    <ClCompile Include="..\andy\Textcad_2.cpp">
      <Filter>Source Files</Filter>
    </ClCompile>
    <ClCompile Include="..\andy\Textcad1.cpp">
      <Filter>Source Files</Filter>
    </ClCompile>
    <ClCompile Include="..\andy\textd.cpp">
      <Filter>Source Files</Filter>
    </ClCompile>
    <ClCompile Include="..\andy\TextDi.cpp">
      <Filter>Source Files</Filter>
    </ClCompile>
    <ClCompile Include="..\andy\texts.cpp">
      <Filter>Source Files</Filter>
    </ClCompile>
    <ClCompile Include="..\andy\ThickD.cpp">
      <Filter>Source Files</Filter>
    </ClCompile>
    <ClCompile Include="..\andy\tipdlg.cpp">
      <Filter>Source Files</Filter>
    </ClCompile>
    <ClCompile Include="..\andy\toolbarw.cpp">
      <Filter>Source Files</Filter>
    </ClCompile>
    <ClCompile Include="..\andy\toolbarx.cpp">
      <Filter>Source Files</Filter>
    </ClCompile>
    <ClCompile Include="..\andy\TransDlg.cpp">
      <Filter>Source Files</Filter>
    </ClCompile>
    <ClCompile Include="..\andy\translate.cpp">
      <Filter>Source Files</Filter>
    </ClCompile>
    <ClCompile Include="..\andy\Triangle.cpp">
      <Filter>Source Files</Filter>
    </ClCompile>
    <ClCompile Include="..\andy\TRIM.cpp">
      <Filter>Source Files</Filter>
    </ClCompile>
    <ClCompile Include="..\andy\tvector.cpp">
      <Filter>Source Files</Filter>
    </ClCompile>
    <ClCompile Include="..\andy\txted.cpp">
      <Filter>Source Files</Filter>
    </ClCompile>
    <ClCompile Include="..\andy\Unclick.cpp">
      <Filter>Source Files</Filter>
    </ClCompile>
    <ClCompile Include="..\andy\Undo.cpp">
      <Filter>Source Files</Filter>
    </ClCompile>
    <ClCompile Include="..\andy\vector.cpp">
      <Filter>Source Files</Filter>
    </ClCompile>
    <ClCompile Include="..\andy\Vectorm.cpp">
      <Filter>Source Files</Filter>
    </ClCompile>
    <ClCompile Include="..\andy\vectorp.cpp">
      <Filter>Source Files</Filter>
    </ClCompile>
    <ClCompile Include="..\andy\vectorv.cpp">
      <Filter>Source Files</Filter>
    </ClCompile>
    <ClCompile Include="..\andy\Verb.cpp">
      <Filter>Source Files</Filter>
    </ClCompile>
    <ClCompile Include="..\andy\Vertex.cpp">
      <Filter>Source Files</Filter>
    </ClCompile>
    <ClCompile Include="..\andy\zoombar.cpp">
      <Filter>Source Files</Filter>
    </ClCompile>
    <ClCompile Include="..\andy\zoomd.cpp">
      <Filter>Source Files</Filter>
    </ClCompile>
  </ItemGroup>
  <ItemGroup>
    <Midl Include="MFCAndyCAD.idl">
      <Filter>Source Files</Filter>
    </Midl>
  </ItemGroup>
  <ItemGroup>
    <None Include="MFCAndyCAD.reg" />
    <None Include="res\ribbon.mfcribbon-ms">
      <Filter>Resource Files</Filter>
    </None>
    <None Include="res\MFCAndyCAD.rc2">
      <Filter>Resource Files</Filter>
    </None>
    <None Include="..\andy\resource.hm">
      <Filter>Header Files</Filter>
    </None>
  </ItemGroup>
  <ItemGroup>
    <ResourceCompile Include="MFCAndyCAD.rc">
      <Filter>Resource Files</Filter>
    </ResourceCompile>
  </ItemGroup>
  <ItemGroup>
    <Image Include="res\nav_large.bmp">
      <Filter>Resource Files</Filter>
    </Image>
    <Image Include="res\nav_large_hc.bmp">
      <Filter>Resource Files</Filter>
    </Image>
    <Image Include="res\pages.bmp">
      <Filter>Resource Files</Filter>
    </Image>
    <Image Include="res\pages_hc.bmp">
      <Filter>Resource Files</Filter>
    </Image>
    <Image Include="res\pages_small.bmp">
      <Filter>Resource Files</Filter>
    </Image>
    <Image Include="res\pages_small_hc.bmp">
      <Filter>Resource Files</Filter>
    </Image>
    <Image Include="res\info.bmp">
      <Filter>Resource Files</Filter>
    </Image>
    <Image Include="res\buttons.bmp">
      <Filter>Resource Files</Filter>
    </Image>
    <Image Include="res\filelarge.bmp">
      <Filter>Resource Files</Filter>
    </Image>
    <Image Include="res\filesmall.bmp">
      <Filter>Resource Files</Filter>
    </Image>
    <Image Include="res\main.bmp">
      <Filter>Resource Files</Filter>
    </Image>
    <Image Include="res\writelarge.bmp">
      <Filter>Resource Files</Filter>
    </Image>
    <Image Include="res\writesmall.bmp">
      <Filter>Resource Files</Filter>
    </Image>
    <Image Include="res\MFCAndyCADDoc.ico">
      <Filter>Resource Files</Filter>
    </Image>
    <Image Include="res\MFCAndyCAD.ico">
      <Filter>Resource Files</Filter>
    </Image>
    <Image Include="res\Toolbar.bmp">
      <Filter>Resource Files</Filter>
    </Image>
    <Image Include="res\Toolbar256.bmp">
      <Filter>Resource Files</Filter>
    </Image>
  </ItemGroup>
</Project>