<?xml version="1.0" encoding="utf-8"?>
<Project ToolsVersion="17.0" xmlns="http://schemas.microsoft.com/developer/msbuild/2003">
  <ItemGroup>
    <ClCompile Include="C:\Users\emuso\Documents\GitHub\andycad\AndyCADMFC\tests\test_aabb.cpp">
      <Filter>Source Files</Filter>
    </ClCompile>
    <ClCompile Include="C:\Users\emuso\Documents\GitHub\andycad\AndyCADMFC\tests\test_bezier.cpp">
      <Filter>Source Files</Filter>
    </ClCompile>
    <ClCompile Include="C:\Users\emuso\Documents\GitHub\andycad\AndyCADMFC\tests\test_ccvector.cpp">
      <Filter>Source Files</Filter>
    </ClCompile>
    <ClCompile Include="C:\Users\emuso\Documents\GitHub\andycad\AndyCADMFC\tests\test_circle.cpp">
      <Filter>Source Files</Filter>
    </ClCompile>
    <ClCompile Include="C:\Users\emuso\Documents\GitHub\andycad\AndyCADMFC\tests\test_edge.cpp">
      <Filter>Source Files</Filter>
    </ClCompile>
    <ClCompile Include="C:\Users\emuso\Documents\GitHub\andycad\AndyCADMFC\tests\test_line.cpp">
      <Filter>Source Files</Filter>
    </ClCompile>
    <ClCompile Include="C:\Users\emuso\Documents\GitHub\andycad\AndyCADMFC\tests\test_matrix.cpp">
      <Filter>Source Files</Filter>
    </ClCompile>
    <ClCompile Include="C:\Users\emuso\Documents\GitHub\andycad\AndyCADMFC\tests\test_mesh.cpp">
      <Filter>Source Files</Filter>
    </ClCompile>
    <ClCompile Include="C:\Users\emuso\Documents\GitHub\andycad\AndyCADMFC\tests\test_plane.cpp">
      <Filter>Source Files</Filter>
    </ClCompile>
    <ClCompile Include="C:\Users\emuso\Documents\GitHub\andycad\AndyCADMFC\tests\test_point.cpp">
      <Filter>Source Files</Filter>
    </ClCompile>
    <ClCompile Include="C:\Users\emuso\Documents\GitHub\andycad\AndyCADMFC\tests\test_qline.cpp">
      <Filter>Source Files</Filter>
    </ClCompile>
    <ClCompile Include="C:\Users\emuso\Documents\GitHub\andycad\AndyCADMFC\tests\test_quadtree.cpp">
      <Filter>Source Files</Filter>
    </ClCompile>
    <ClCompile Include="C:\Users\emuso\Documents\GitHub\andycad\AndyCADMFC\tests\test_ray.cpp">
      <Filter>Source Files</Filter>
    </ClCompile>
    <ClCompile Include="C:\Users\emuso\Documents\GitHub\andycad\AndyCADMFC\tests\test_rect.cpp">
      <Filter>Source Files</Filter>
    </ClCompile>
    <ClCompile Include="C:\Users\emuso\Documents\GitHub\andycad\AndyCADMFC\tests\test_rectangle_shape.cpp">
      <Filter>Source Files</Filter>
    </ClCompile>
    <ClCompile Include="C:\Users\emuso\Documents\GitHub\andycad\AndyCADMFC\tests\test_registry.cpp">
      <Filter>Source Files</Filter>
    </ClCompile>
    <ClCompile Include="C:\Users\emuso\Documents\GitHub\andycad\AndyCADMFC\tests\test_triangle.cpp">
      <Filter>Source Files</Filter>
    </ClCompile>
    <ClCompile Include="C:\Users\emuso\Documents\GitHub\andycad\AndyCADMFC\tests\test_tvector.cpp">
      <Filter>Source Files</Filter>
    </ClCompile>
    <ClCompile Include="C:\Users\emuso\Documents\GitHub\andycad\AndyCADMFC\tests\test_vector.cpp">
      <Filter>Source Files</Filter>
    </ClCompile>
    <ClCompile Include="C:\Users\emuso\Documents\GitHub\andycad\AndyCADMFC\tests\test_vectorm.cpp">
      <Filter>Source Files</Filter>
    </ClCompile>
    <ClCompile Include="C:\Users\emuso\Documents\GitHub\andycad\AndyCADMFC\tests\test_vertex.cpp">
      <Filter>Source Files</Filter>
    </ClCompile>
  </ItemGroup>
  <ItemGroup>
    <CustomBuild Include="C:\Users\emuso\Documents\GitHub\andycad\AndyCADMFC\CMakeLists.txt" />
  </ItemGroup>
  <ItemGroup>
    <Filter Include="Source Files">
      <UniqueIdentifier>{29E4A343-CF86-326F-BE41-C399E13FB7E4}</UniqueIdentifier>
    </Filter>
  </ItemGroup>
</Project>
